
Microsoft Visual Studio Solution File, Format Version 12.00
# Visual Studio Version 16
VisualStudioVersion = 16.0.31129.286
MinimumVisualStudioVersion = 10.0.40219.1
Project("{FAE04EC0-301F-11D3-BF4B-00C04F79EFBC}") = "delegat", "delegat\delegat.csproj", "{5197FA14-B994-4040-BA94-AD455D9CC127}"
EndProject
Project("{FAE04EC0-301F-11D3-BF4B-00C04F79EFBC}") = "ConsoleApp1", "ConsoleApp1\ConsoleApp1.csproj", "{B0A9C27A-B015-44EA-A0E2-053B0E69B023}"
EndProject
Project("{FAE04EC0-301F-11D3-BF4B-00C04F79EFBC}") = "Action", "Action\Action.csproj", "{BEF34792-9268-43A1-AE4F-FD3DC93F1627}"
EndProject
Global
	GlobalSection(SolutionConfigurationPlatforms) = preSolution
		Debug|Any CPU = Debug|Any CPU
		Release|Any CPU = Release|Any CPU
	EndGlobalSection
	GlobalSection(ProjectConfigurationPlatforms) = postSolution
		{5197FA14-B994-4040-BA94-AD455D9CC127}.Debug|Any CPU.ActiveCfg = Debug|Any CPU
		{5197FA14-B994-4040-BA94-AD455D9CC127}.Debug|Any CPU.Build.0 = Debug|Any CPU
		{5197FA14-B994-4040-BA94-AD455D9CC127}.Release|Any CPU.ActiveCfg = Release|Any CPU
		{5197FA14-B994-4040-BA94-AD455D9CC127}.Release|Any CPU.Build.0 = Release|Any CPU
		{B0A9C27A-B015-44EA-A0E2-053B0E69B023}.Debug|Any CPU.ActiveCfg = Debug|Any CPU
		{B0A9C27A-B015-44EA-A0E2-053B0E69B023}.Debug|Any CPU.Build.0 = Debug|Any CPU
		{B0A9C27A-B015-44EA-A0E2-053B0E69B023}.Release|Any CPU.ActiveCfg = Release|Any CPU
		{B0A9C27A-B015-44EA-A0E2-053B0E69B023}.Release|Any CPU.Build.0 = Release|Any CPU
		{BEF34792-9268-43A1-AE4F-FD3DC93F1627}.Debug|Any CPU.ActiveCfg = Debug|Any CPU
		{BEF34792-9268-43A1-AE4F-FD3DC93F1627}.Debug|Any CPU.Build.0 = Debug|Any CPU
		{BEF34792-9268-43A1-AE4F-FD3DC93F1627}.Release|Any CPU.ActiveCfg = Release|Any CPU
		{BEF34792-9268-43A1-AE4F-FD3DC93F1627}.Release|Any CPU.Build.0 = Release|Any CPU
	EndGlobalSection
	GlobalSection(SolutionProperties) = preSolution
		HideSolutionNode = FALSE
	EndGlobalSection
	GlobalSection(ExtensibilityGlobals) = postSolution
		SolutionGuid = {CF9CD06D-1145-4B33-A36D-D4DB2DEAB3DE}
	EndGlobalSection
EndGlobal
